
Microsoft Visual Studio Solution File, Format Version 12.00
# Visual Studio 2013
VisualStudioVersion = 12.0.30501.0
MinimumVisualStudioVersion = 10.0.40219.1
Project("{2150E333-8FDC-42A3-9474-1A3956D46DE8}") = ".nuget", ".nuget", "{453925BD-1CA6-4C69-95C6-9D242EA8BA19}"
	ProjectSection(SolutionItems) = preProject
		.nuget\NuGet.Config = .nuget\NuGet.Config
		.nuget\NuGet.exe = .nuget\NuGet.exe
		.nuget\NuGet.targets = .nuget\NuGet.targets
	EndProjectSection
EndProject
Project("{FAE04EC0-301F-11D3-BF4B-00C04F79EFBC}") = "IISExpressBootstrapperSample.Web", "IISExpressBootstrapperSample.Web\IISExpressBootstrapperSample.Web.csproj", "{0A0C40D7-00D2-445D-95DA-781EE6E8B09E}"
EndProject
Project("{FAE04EC0-301F-11D3-BF4B-00C04F79EFBC}") = "IISExpressBootstrapperSample.Web.Tests", "IISExpressBootstrapperSample.Web.Tests\IISExpressBootstrapperSample.Web.Tests.csproj", "{88930331-0385-40E2-9D92-921B67C3C4F2}"
EndProject
Global
	GlobalSection(SolutionConfigurationPlatforms) = preSolution
		Debug|Any CPU = Debug|Any CPU
		Release|Any CPU = Release|Any CPU
	EndGlobalSection
	GlobalSection(ProjectConfigurationPlatforms) = postSolution
		{0A0C40D7-00D2-445D-95DA-781EE6E8B09E}.Debug|Any CPU.ActiveCfg = Debug|Any CPU
		{0A0C40D7-00D2-445D-95DA-781EE6E8B09E}.Debug|Any CPU.Build.0 = Debug|Any CPU
		{0A0C40D7-00D2-445D-95DA-781EE6E8B09E}.Release|Any CPU.ActiveCfg = Release|Any CPU
		{0A0C40D7-00D2-445D-95DA-781EE6E8B09E}.Release|Any CPU.Build.0 = Release|Any CPU
		{88930331-0385-40E2-9D92-921B67C3C4F2}.Debug|Any CPU.ActiveCfg = Debug|Any CPU
		{88930331-0385-40E2-9D92-921B67C3C4F2}.Debug|Any CPU.Build.0 = Debug|Any CPU
		{88930331-0385-40E2-9D92-921B67C3C4F2}.Release|Any CPU.ActiveCfg = Release|Any CPU
		{88930331-0385-40E2-9D92-921B67C3C4F2}.Release|Any CPU.Build.0 = Release|Any CPU
	EndGlobalSection
	GlobalSection(SolutionProperties) = preSolution
		HideSolutionNode = FALSE
	EndGlobalSection
EndGlobal
